{
  "requires": true,
  "lockfileVersion": 1,
  "dependencies": {
    "jsonapi-normalizer": {
      "version": "2.0.1",
      "resolved": "https://registry.npmjs.org/jsonapi-normalizer/-/jsonapi-normalizer-2.0.1.tgz",
      "integrity": "sha512-svnMKclAIxI89uMCDigDrpzl5BnZTFxGfBGZgErIm320p85pDDeW6p/ic84upgbFNto4qgGsTkjMvVb8usYQhw=="
    },
    "normalizr": {
      "version": "3.6.0",
      "resolved": "https://registry.npmjs.org/normalizr/-/normalizr-3.6.0.tgz",
      "integrity": "sha512-25cd8DiDu+pL46KIaxtVVvvEPjGacJgv0yUg950evr62dQ/ks2JO1kf7+Vi5/rMFjaSTSTls7aCnmRlUSljtiA=="
    }
  }
}
